
Microsoft Visual Studio Solution File, Format Version 12.00
# Visual Studio Version 17
VisualStudioVersion = 17.3.32929.385
MinimumVisualStudioVersion = 10.0.40219.1
Project("{8BC9CEB8-8B4A-11D0-8D11-00A0C91BC942}") = "Avionsitos", "Avionsitos\Avionsitos.vcxproj", "{DA38A115-83E9-4D3B-A54B-0C8705F32CEA}"
EndProject
Global
	GlobalSection(SolutionConfigurationPlatforms) = preSolution
		Debug|x64 = Debug|x64
		Debug|x86 = Debug|x86
		Release|x64 = Release|x64
		Release|x86 = Release|x86
	EndGlobalSection
	GlobalSection(ProjectConfigurationPlatforms) = postSolution
		{DA38A115-83E9-4D3B-A54B-0C8705F32CEA}.Debug|x64.ActiveCfg = Debug|x64
		{DA38A115-83E9-4D3B-A54B-0C8705F32CEA}.Debug|x64.Build.0 = Debug|x64
		{DA38A115-83E9-4D3B-A54B-0C8705F32CEA}.Debug|x86.ActiveCfg = Debug|Win32
		{DA38A115-83E9-4D3B-A54B-0C8705F32CEA}.Debug|x86.Build.0 = Debug|Win32
		{DA38A115-83E9-4D3B-A54B-0C8705F32CEA}.Release|x64.ActiveCfg = Release|x64
		{DA38A115-83E9-4D3B-A54B-0C8705F32CEA}.Release|x64.Build.0 = Release|x64
		{DA38A115-83E9-4D3B-A54B-0C8705F32CEA}.Release|x86.ActiveCfg = Release|Win32
		{DA38A115-83E9-4D3B-A54B-0C8705F32CEA}.Release|x86.Build.0 = Release|Win32
	EndGlobalSection
	GlobalSection(SolutionProperties) = preSolution
		HideSolutionNode = FALSE
	EndGlobalSection
	GlobalSection(ExtensibilityGlobals) = postSolution
		SolutionGuid = {FBC123BA-7E0E-45D0-80AB-B50ADB04B16E}
	EndGlobalSection
EndGlobal
